
Microsoft Visual Studio Solution File, Format Version 12.00
# Visual Studio Version 17
VisualStudioVersion = 17.4.33213.308
MinimumVisualStudioVersion = 10.0.40219.1
Project("{FAE04EC0-301F-11D3-BF4B-00C04F79EFBC}") = "Auth", "Auth\Auth.csproj", "{23CE2398-1B4B-4EA9-AD75-AD18FA6287CE}"
EndProject
Global
	GlobalSection(SolutionConfigurationPlatforms) = preSolution
		Debug|Any CPU = Debug|Any CPU
		Release|Any CPU = Release|Any CPU
	EndGlobalSection
	GlobalSection(ProjectConfigurationPlatforms) = postSolution
		{23CE2398-1B4B-4EA9-AD75-AD18FA6287CE}.Debug|Any CPU.ActiveCfg = Debug|Any CPU
		{23CE2398-1B4B-4EA9-AD75-AD18FA6287CE}.Debug|Any CPU.Build.0 = Debug|Any CPU
		{23CE2398-1B4B-4EA9-AD75-AD18FA6287CE}.Release|Any CPU.ActiveCfg = Release|Any CPU
		{23CE2398-1B4B-4EA9-AD75-AD18FA6287CE}.Release|Any CPU.Build.0 = Release|Any CPU
	EndGlobalSection
	GlobalSection(SolutionProperties) = preSolution
		HideSolutionNode = FALSE
	EndGlobalSection
	GlobalSection(ExtensibilityGlobals) = postSolution
		SolutionGuid = {663B33CF-51D8-409D-8919-33D5F34C4835}
	EndGlobalSection
EndGlobal
